
Microsoft Visual Studio Solution File, Format Version 12.00
# Visual Studio Version 17
VisualStudioVersion = 17.13.36105.23
MinimumVisualStudioVersion = 10.0.40219.1
Project("{FAE04EC0-301F-11D3-BF4B-00C04F79EFBC}") = "API", "API\API.csproj", "{0E23969E-031A-4858-8809-12535DF12B90}"
EndProject
Project("{FAE04EC0-301F-11D3-BF4B-00C04F79EFBC}") = "Domain", "Domain\Domain.csproj", "{8EFC830C-A1E0-47A4-A7CA-A44BD28AECEE}"
EndProject
Project("{FAE04EC0-301F-11D3-BF4B-00C04F79EFBC}") = "Application", "Application\Application.csproj", "{5C1486A1-E873-497B-A099-65858A7CB553}"
EndProject
Project("{FAE04EC0-301F-11D3-BF4B-00C04F79EFBC}") = "Persistence", "Persistence\Persistence.csproj", "{1138D2CF-6B37-4AC3-B1A6-F275077B6538}"
EndProject
Project("{2150E333-8FDC-42A3-9474-1A3956D46DE8}") = "Éléments de solution", "Éléments de solution", "{9C8CB701-102D-CF49-A3E0-89AC09D42C2C}"
	ProjectSection(SolutionItems) = preProject
		.gitattributes = .gitattributes
		.gitignore = .gitignore
		README.md = README.md
	EndProjectSection
EndProject
Global
	GlobalSection(SolutionConfigurationPlatforms) = preSolution
		Debug|Any CPU = Debug|Any CPU
		Release|Any CPU = Release|Any CPU
	EndGlobalSection
	GlobalSection(ProjectConfigurationPlatforms) = postSolution
		{0E23969E-031A-4858-8809-12535DF12B90}.Debug|Any CPU.ActiveCfg = Debug|Any CPU
		{0E23969E-031A-4858-8809-12535DF12B90}.Debug|Any CPU.Build.0 = Debug|Any CPU
		{0E23969E-031A-4858-8809-12535DF12B90}.Release|Any CPU.ActiveCfg = Release|Any CPU
		{0E23969E-031A-4858-8809-12535DF12B90}.Release|Any CPU.Build.0 = Release|Any CPU
		{8EFC830C-A1E0-47A4-A7CA-A44BD28AECEE}.Debug|Any CPU.ActiveCfg = Debug|Any CPU
		{8EFC830C-A1E0-47A4-A7CA-A44BD28AECEE}.Debug|Any CPU.Build.0 = Debug|Any CPU
		{8EFC830C-A1E0-47A4-A7CA-A44BD28AECEE}.Release|Any CPU.ActiveCfg = Release|Any CPU
		{8EFC830C-A1E0-47A4-A7CA-A44BD28AECEE}.Release|Any CPU.Build.0 = Release|Any CPU
		{5C1486A1-E873-497B-A099-65858A7CB553}.Debug|Any CPU.ActiveCfg = Debug|Any CPU
		{5C1486A1-E873-497B-A099-65858A7CB553}.Debug|Any CPU.Build.0 = Debug|Any CPU
		{5C1486A1-E873-497B-A099-65858A7CB553}.Release|Any CPU.ActiveCfg = Release|Any CPU
		{5C1486A1-E873-497B-A099-65858A7CB553}.Release|Any CPU.Build.0 = Release|Any CPU
		{1138D2CF-6B37-4AC3-B1A6-F275077B6538}.Debug|Any CPU.ActiveCfg = Debug|Any CPU
		{1138D2CF-6B37-4AC3-B1A6-F275077B6538}.Debug|Any CPU.Build.0 = Debug|Any CPU
		{1138D2CF-6B37-4AC3-B1A6-F275077B6538}.Release|Any CPU.ActiveCfg = Release|Any CPU
		{1138D2CF-6B37-4AC3-B1A6-F275077B6538}.Release|Any CPU.Build.0 = Release|Any CPU
	EndGlobalSection
	GlobalSection(SolutionProperties) = preSolution
		HideSolutionNode = FALSE
	EndGlobalSection
	GlobalSection(ExtensibilityGlobals) = postSolution
		SolutionGuid = {169F31D7-864A-4250-AB05-612AAADE12C0}
	EndGlobalSection
EndGlobal
